
Microsoft Visual Studio Solution File, Format Version 12.00
# Visual Studio Version 17
VisualStudioVersion = 17.4.33110.190
MinimumVisualStudioVersion = 10.0.40219.1
Project("{FAE04EC0-301F-11D3-BF4B-00C04F79EFBC}") = "Stack", "Stack\Stack.csproj", "{700E8FF8-B523-4194-95A4-191B916252EA}"
EndProject
Global
	GlobalSection(SolutionConfigurationPlatforms) = preSolution
		Debug|Any CPU = Debug|Any CPU
		Release|Any CPU = Release|Any CPU
	EndGlobalSection
	GlobalSection(ProjectConfigurationPlatforms) = postSolution
		{700E8FF8-B523-4194-95A4-191B916252EA}.Debug|Any CPU.ActiveCfg = Debug|Any CPU
		{700E8FF8-B523-4194-95A4-191B916252EA}.Debug|Any CPU.Build.0 = Debug|Any CPU
		{700E8FF8-B523-4194-95A4-191B916252EA}.Release|Any CPU.ActiveCfg = Release|Any CPU
		{700E8FF8-B523-4194-95A4-191B916252EA}.Release|Any CPU.Build.0 = Release|Any CPU
	EndGlobalSection
	GlobalSection(SolutionProperties) = preSolution
		HideSolutionNode = FALSE
	EndGlobalSection
	GlobalSection(ExtensibilityGlobals) = postSolution
		SolutionGuid = {6D112602-DD8C-4196-8950-C696190AAD4B}
	EndGlobalSection
EndGlobal
